
Microsoft Visual Studio Solution File, Format Version 12.00
# Visual Studio Version 17
VisualStudioVersion = 17.8.34330.188
MinimumVisualStudioVersion = 10.0.40219.1
Project("{FAE04EC0-301F-11D3-BF4B-00C04F79EFBC}") = "FociProjekt", "FociProjekt.csproj", "{D094B292-C537-4DC6-8A9A-FD03BED81861}"
EndProject
Global
	GlobalSection(SolutionConfigurationPlatforms) = preSolution
		Debug|Any CPU = Debug|Any CPU
		Release|Any CPU = Release|Any CPU
	EndGlobalSection
	GlobalSection(ProjectConfigurationPlatforms) = postSolution
		{D094B292-C537-4DC6-8A9A-FD03BED81861}.Debug|Any CPU.ActiveCfg = Debug|Any CPU
		{D094B292-C537-4DC6-8A9A-FD03BED81861}.Debug|Any CPU.Build.0 = Debug|Any CPU
		{D094B292-C537-4DC6-8A9A-FD03BED81861}.Release|Any CPU.ActiveCfg = Release|Any CPU
		{D094B292-C537-4DC6-8A9A-FD03BED81861}.Release|Any CPU.Build.0 = Release|Any CPU
	EndGlobalSection
	GlobalSection(SolutionProperties) = preSolution
		HideSolutionNode = FALSE
	EndGlobalSection
	GlobalSection(ExtensibilityGlobals) = postSolution
		SolutionGuid = {23713C39-3EBD-4A91-9F74-ADC693EE00F3}
	EndGlobalSection
EndGlobal
